
Microsoft Visual Studio Solution File, Format Version 12.00
# Visual Studio Version 16
VisualStudioVersion = 16.0.30204.135
MinimumVisualStudioVersion = 10.0.40219.1
Project("{FAE04EC0-301F-11D3-BF4B-00C04F79EFBC}") = "TestCI", "TestCI\TestCI.csproj", "{ADDBF04C-0F1F-425E-AC9F-7B21B130CB6D}"
EndProject
Global
	GlobalSection(SolutionConfigurationPlatforms) = preSolution
		Debug|Any CPU = Debug|Any CPU
		Release|Any CPU = Release|Any CPU
	EndGlobalSection
	GlobalSection(ProjectConfigurationPlatforms) = postSolution
		{ADDBF04C-0F1F-425E-AC9F-7B21B130CB6D}.Debug|Any CPU.ActiveCfg = Debug|Any CPU
		{ADDBF04C-0F1F-425E-AC9F-7B21B130CB6D}.Debug|Any CPU.Build.0 = Debug|Any CPU
		{ADDBF04C-0F1F-425E-AC9F-7B21B130CB6D}.Release|Any CPU.ActiveCfg = Release|Any CPU
		{ADDBF04C-0F1F-425E-AC9F-7B21B130CB6D}.Release|Any CPU.Build.0 = Release|Any CPU
	EndGlobalSection
	GlobalSection(SolutionProperties) = preSolution
		HideSolutionNode = FALSE
	EndGlobalSection
	GlobalSection(ExtensibilityGlobals) = postSolution
		SolutionGuid = {E84F293C-4988-47C9-B067-BF0C0D8BC054}
	EndGlobalSection
EndGlobal
